{
    "_meta": {
        "hash": {
            "sha256": "440db9186352c723496c99bc59f1cf6172e61e0a91eb58bfb649005c3858b1c9"
        },
        "pipfile-spec": 6,
        "requires": {},
        "sources": [
            {
                "name": "pypi",
                "url": "https://pypi.org/simple",
                "verify_ssl": true
            }
        ]
    },
    "default": {
        "advent-of-code-data": {
            "hashes": [
                "sha256:1e0457338a9572e610f72da8aad8b06f778311a69b0ec676bf2e5db8328f4d45",
                "sha256:947e6583f581ed184873aac835b333fc39a5712cce606c67532f9d43253a98e2"
            ],
            "index": "pypi",
            "markers": "python_version >= '3.9'",
            "version": "==2.1.0"
        },
        "aocd-example-parser": {
            "hashes": [
                "sha256:9180ef01a9962e9783a67dffe3a197fb9d708c95c7768ba435b4c5f6e73f45a2",
                "sha256:a553fb0ed619d3328245d64d0e439ade8fcef2184b3f4a08360716ec5a401dc3"
            ],
            "markers": "python_version >= '3.9'",
            "version": "==2025.12.1"
        },
        "beautifulsoup4": {
            "hashes": [
                "sha256:0918bfe44902e6ad8d57732ba310582e98da931428d231a5ecb9e7c703a735bb",
                "sha256:6292b1c5186d356bba669ef9f7f051757099565ad9ada5dd630bd9de5fa7fb86"
            ],
            "markers": "python_full_version >= '3.7.0'",
            "version": "==4.14.3"
        },
        "browser-cookie3": {
            "hashes": [
                "sha256:4b38bf669d386250733c8339f0036e1cf09c3d8e4d326fd507b9afb84def13d6",
                "sha256:6d8d0744bf42a5327c951bdbcf77741db3455b8b4e840e18bab266d598368a12"
            ],
            "index": "pypi",
            "version": "==0.20.1"
        },
        "colorama": {
            "hashes": [
                "sha256:08695f5cb7ed6e0531a20572697297273c47b8cae5a63ffc6d6ed5c201be6e44",
                "sha256:4f1d9991f5acc0ca119f9d443620b77f9d6b33703e51011c16baf57afb285fc6"
            ],
            "markers": "python_version >= '2.7' and python_version not in '3.0, 3.1, 3.2, 3.3, 3.4, 3.5, 3.6'",
            "version": "==0.4.6"
        },
        "lz4": {
            "hashes": [
                "sha256:0846e6e78f374156ccf21c631de80967e03cc3c01c373c665789dc0c5431e7fc",
                "sha256:0bba042ec5a61fa77c7e380351a61cb768277801240249841defd2ff0a10742f",
                "sha256:12233624f1bc2cebc414f9efb3113a03e89acce3ab6f72035577bc61b270d24d",
                "sha256:13254bd78fef50105872989a2dc3418ff09aefc7d0765528adc21646a7288294",
                "sha256:15551280f5656d2206b9b43262799c89b25a25460416ec554075a8dc568e4397",
                "sha256:1dd4d91d25937c2441b9fc0f4af01704a2d09f30a38c5798bc1d1b5a15ec9581",
                "sha256:214e37cfe270948ea7eb777229e211c601a3e0875541c1035ab408fbceaddf50",
                "sha256:216ca0c6c90719731c64f41cfbd6f27a736d7e50a10b70fad2a9c9b262ec923d",
                "sha256:24092635f47538b392c4eaeff14c7270d2c8e806bf4be2a6446a378591c5e69e",
                "sha256:28ccaeb7c5222454cd5f60fcd152564205bcb801bd80e125949d2dfbadc76bbd",
                "sha256:2a2b7504d2dffed3fd19d4085fe1cc30cf221263fd01030819bdd8d2bb101cf1",
                "sha256:2c3ea562c3af274264444819ae9b14dbbf1ab070aff214a05e97db6896c7597e",
                "sha256:33dd86cea8375d8e5dd001e41f321d0a4b1eb7985f39be1b6a4f466cd480b8a7",
                "sha256:3b84a42da86e8ad8537aabef062e7f661f4a877d1c74d65606c49d835d36d668",
                "sha256:451039b609b9a88a934800b5fc6ee401c89ad9c175abf2f4d9f8b2e4ef1afc64",
                "sha256:533298d208b58b651662dd972f52d807d48915176e5b032fb4f8c3b6f5fe535c",
                "sha256:5f0b9e53c1e82e88c10d7c180069363980136b9d7a8306c4dca4f760d60c39f0",
                "sha256:609a69c68e7cfcfa9d894dc06be13f2e00761485b62df4e2472f1b66f7b405fb",
                "sha256:61d0ee03e6c616f4a8b69987d03d514e8896c8b1b7cc7598ad029e5c6aedfd43",
                "sha256:66c5de72bf4988e1b284ebdd6524c4bead2c507a2d7f172201572bac6f593901",
                "sha256:67531da3b62f49c939e09d56492baf397175ff39926d0bd5bd2d191ac2bff95f",
                "sha256:6bb05416444fafea170b07181bc70640975ecc2a8c92b3b658c554119519716c",
                "sha256:6d0bf51e7745484d2092b3a51ae6eb58c3bd3ce0300cf2b2c14f76c536d5697a",
                "sha256:713a777de88a73425cf08eb11f742cd2c98628e79a8673d6a52e3c5f0c116f33",
                "sha256:75419bb1a559af00250b8f1360d508444e80ed4b26d9d40ec5b09fe7875cb989",
                "sha256:7b62f94b523c251cf32aa4ab555f14d39bd1a9df385b72443fd76d7c7fb051f5",
                "sha256:7c4e7c44b6a31de77d4dc9772b7d2561937c9588a734681f70ec547cfbc51ecd",
                "sha256:7dc1e1e2dbd872f8fae529acd5e4839efd0b141eaa8ae7ce835a9fe80fbad89f",
                "sha256:83bc23ef65b6ae44f3287c38cbf82c269e2e96a26e560aa551735883388dcc4b",
                "sha256:8a842ead8ca7c0ee2f396ca5d878c4c40439a527ebad2b996b0444f0074ed004",
                "sha256:92159782a4502858a21e0079d77cdcaade23e8a5d252ddf46b0652604300d7be",
                "sha256:9b5e6abca8df9f9bdc5c3085f33ff32cdc86ed04c65e0355506d46a5ac19b6e9",
                "sha256:a1acbbba9edbcbb982bc2cac5e7108f0f553aebac1040fbec67a011a45afa1ba",
                "sha256:a2af2897333b421360fdcce895c6f6281dc3fab018d19d341cf64d043fc8d90d",
                "sha256:a482eecc0b7829c89b498fda883dbd50e98153a116de612ee7c111c8bcf82d1d",
                "sha256:a5f197ffa6fc0e93207b0af71b302e0a2f6f29982e5de0fbda61606dd3a55832",
                "sha256:a88cbb729cc333334ccfb52f070463c21560fca63afcf636a9f160a55fac3301",
                "sha256:b424df1076e40d4e884cfcc4c77d815368b7fb9ebcd7e634f937725cd9a8a72a",
                "sha256:bd85d118316b53ed73956435bee1997bd06cc66dd2fa74073e3b1322bd520a67",
                "sha256:c1cfa663468a189dab510ab231aad030970593f997746d7a324d40104db0d0a9",
                "sha256:c216b6d5275fc060c6280936bb3bb0e0be6126afb08abccde27eed23dead135f",
                "sha256:c8e71b14938082ebaf78144f3b3917ac715f72d14c076f384a4c062df96f9df6",
                "sha256:cdd4bdcbaf35056086d910d219106f6a04e1ab0daa40ec0eeef1626c27d0fddb",
                "sha256:d221fa421b389ab2345640a508db57da36947a437dfe31aeddb8d5c7b646c22d",
                "sha256:d64141085864918392c3159cdad15b102a620a67975c786777874e1e90ef15ce",
                "sha256:d6da84a26b3aa5da13a62e4b89ab36a396e9327de8cd48b436a3467077f8ccd4",
                "sha256:d994b87abaa7a88ceb7a37c90f547b8284ff9da694e6afcfaa8568d739faf3f7",
                "sha256:da68497f78953017deb20edff0dba95641cc86e7423dfadf7c0264e1ac60dc22",
                "sha256:daffa4807ef54b927451208f5f85750c545a4abbff03d740835fc444cd97f758",
                "sha256:df5aa4cead2044bab83e0ebae56e0944cc7fcc1505c7787e9e1057d6d549897e",
                "sha256:e099ddfaa88f59dd8d36c8a3c66bd982b4984edf127eb18e30bb49bdba68ce67",
                "sha256:e64e61f29cf95afb43549063d8433b46352baf0c8a70aa45e2585618fcf59d86",
                "sha256:e928ec2d84dc8d13285b4a9288fd6246c5cde4f5f935b479f50d986911f085e3",
                "sha256:f32b9e65d70f3684532358255dc053f143835c5f5991e28a5ac4c93ce94b9ea7",
                "sha256:f6538aaaedd091d6e5abdaa19b99e6e82697d67518f114721b5248709b639fad",
                "sha256:f9b8bde9909a010c75b3aea58ec3910393b758f3c219beed67063693df854db0",
                "sha256:ff1b50aeeec64df5603f17984e4b5be6166058dcf8f1e26a3da40d7a0f6ab547"
            ],
            "markers": "python_version >= '3.9'",
            "version": "==4.4.5"
        },
        "numpy": {
            "hashes": [
                "sha256:00dc4e846108a382c5869e77c6ed514394bdeb3403461d25a829711041217d5b",
                "sha256:0472f11f6ec23a74a906a00b48a4dcf3849209696dff7c189714511268d103ae",
                "sha256:04822c00b5fd0323c8166d66c701dc31b7fbd252c100acd708c48f763968d6a3",
                "sha256:052e8c42e0c49d2575621c158934920524f6c5da05a1d3b9bab5d8e259e045f0",
                "sha256:09a1bea522b25109bf8e6f3027bd810f7c1085c64a0c7ce050c1676ad0ba010b",
                "sha256:0cd00b7b36e35398fa2d16af7b907b65304ef8bb4817a550e06e5012929830fa",
                "sha256:0d8163f43acde9a73c2a33605353a4f1bc4798745a8b1d73183b28e5b435ae28",
                "sha256:1062fde1dcf469571705945b0f221b73928f34a20c904ffb45db101907c3454e",
                "sha256:11e06aa0af8c0f05104d56450d6093ee639e15f24ecf62d417329d06e522e017",
                "sha256:17531366a2e3a9e30762c000f2c43a9aaa05728712e25c11ce1dbe700c53ad41",
                "sha256:1978155dd49972084bd6ef388d66ab70f0c323ddee6f693d539376498720fb7e",
                "sha256:1ed1ec893cff7040a02c8aa1c8611b94d395590d553f6b53629a4461dc7f7b63",
                "sha256:2dcd0808a421a482a080f89859a18beb0b3d1e905b81e617a188bd80422d62e9",
                "sha256:2e2eb32ddb9ccb817d620ac1d8dae7c3f641c1e5f55f531a33e8ab97960a75b8",
                "sha256:2feae0d2c91d46e59fcd62784a3a83b3fb677fead592ce51b5a6fbb4f95965ff",
                "sha256:3095bdb8dd297e5920b010e96134ed91d852d81d490e787beca7e35ae1d89cf7",
                "sha256:30bc11310e8153ca664b14c5f1b73e94bd0503681fcf136a163de856f3a50139",
                "sha256:3101e5177d114a593d79dd79658650fe28b5a0d8abeb8ce6f437c0e6df5be1a4",
                "sha256:396084a36abdb603546b119d96528c2f6263921c50df3c8fd7cb28873a237748",
                "sha256:3997b5b3c9a771e157f9aae01dd579ee35ad7109be18db0e85dbdbe1de06e952",
                "sha256:414802f3b97f3c1eef41e530aaba3b3c1620649871d8cb38c6eaff034c2e16bd",
                "sha256:51c1e14eb1e154ebd80e860722f9e6ed6ec89714ad2db2d3aa33c31d7c12179b",
                "sha256:51c55fe3451421f3a6ef9a9c1439e82101c57a2c9eab9feb196a62b1a10b58ce",
                "sha256:5ee6609ac3604fa7780e30a03e5e241a7956f8e2fcfe547d51e3afa5247ac47f",
                "sha256:612a95a17655e213502f60cfb9bf9408efdc9eb1d5f50535cc6eb365d11b42b5",
                "sha256:6203fdf9f3dc5bdaed7319ad8698e685c7a3be10819f41d32a0723e611733b42",
                "sha256:63c0e9e7eea69588479ebf4a8a270d5ac22763cc5854e9a7eae952a3908103f7",
                "sha256:66f85ce62c70b843bab1fb14a05d5737741e74e28c7b8b5a064de10142fad248",
                "sha256:6cf9b429b21df6b99f4dee7a1218b8b7ffbbe7df8764dc0bd60ce8a0708fed1e",
                "sha256:70b37199913c1bd300ff6e2693316c6f869c7ee16378faf10e4f5e3275b299c3",
                "sha256:727fd05b57df37dc0bcf1a27767a3d9a78cbbc92822445f32cc3436ba797337b",
                "sha256:74ae7b798248fe62021dbf3c914245ad45d1a6b0cb4a29ecb4b31d0bfbc4cc3e",
                "sha256:784db1dcdab56bf0517743e746dfb0f885fc68d948aba86eeec2cba234bdf1c0",
                "sha256:86945f2ee6d10cdfd67bcb4069c1662dd711f7e2a4343db5cecec06b87cf31aa",
                "sha256:86d835afea1eaa143012a2d7a3f45a3adce2d7adc8b4961f0b362214d800846a",
                "sha256:872a5cf366aec6bb1147336480fef14c9164b154aeb6542327de4970282cd2f5",
                "sha256:8b973c57ff8e184109db042c842423ff4f60446239bd585a5131cc47f06f789d",
                "sha256:8cba086a43d54ca804ce711b2a940b16e452807acebe7852ff327f1ecd49b0d4",
                "sha256:8f7f0e05112916223d3f438f293abf0727e1181b5983f413dfa2fefc4098245c",
                "sha256:900218e456384ea676e24ea6a0417f030a3b07306d29d7ad843957b40a9d8d52",
                "sha256:93eebbcf1aafdf7e2ddd44c2923e2672e1010bddc014138b229e49725b4d6be5",
                "sha256:9c75442b2209b8470d6d5d8b1c25714270686f14c749028d2199c54e29f20b4d",
                "sha256:9ee2197ef8c4f0dfe405d835f3b6a14f5fee7782b5de51ba06fb65fc9b36e9f1",
                "sha256:a414504bef8945eae5f2d7cb7be2d4af77c5d1cb5e20b296c2c25b61dff2900c",
                "sha256:a4b9159734b326535f4dd01d947f919c6eefd2d9827466a696c44ced82dfbc18",
                "sha256:a80afd79f45f3c4a7d341f13acbe058d1ca8ac017c165d3fa0d3de6bc1a079d7",
                "sha256:aa5bc7c5d59d831d9773d1170acac7893ce3a5e130540605770ade83280e7188",
                "sha256:acfd89508504a19ed06ef963ad544ec6664518c863436306153e13e94605c218",
                "sha256:aeffcab3d4b43712bb7a60b65f6044d444e75e563ff6180af8f98dd4b905dfd2",
                "sha256:afaffc4393205524af9dfa400fa250143a6c3bc646c08c9f5e25a9f4b4d6a903",
                "sha256:b0c7088a73aef3d687c4deef8452a3ac7c1be4e29ed8bf3b366c8111128ac60c",
                "sha256:b46b4ec24f7293f23adcd2d146960559aaf8020213de8ad1909dba6c013bf89c",
                "sha256:b501b5fa195cc9e24fe102f21ec0a44dffc231d2af79950b451e0d99cea02234",
                "sha256:bf06bc2af43fa8d32d30fae16ad965663e966b1a3202ed407b84c989c3221e82",
                "sha256:c804e3a5aba5460c73955c955bdbd5c08c354954e9270a2c1565f62e866bdc39",
                "sha256:c8a9958e88b65c3b27e22ca2a076311636850b612d6bbfb76e8d156aacde2aaf",
                "sha256:cc0a57f895b96ec78969c34f682c602bf8da1a0270b09bc65673df2e7638ec20",
                "sha256:cc8920d2ec5fa99875b670bb86ddeb21e295cb07aa331810d9e486e0b969d946",
                "sha256:ccc933afd4d20aad3c00bcef049cb40049f7f196e0397f1109dba6fed63267b0",
                "sha256:ce581db493ea1a96c0556360ede6607496e8bf9b3a8efa66e06477267bc831e9",
                "sha256:d0f23b44f57077c1ede8c5f26b30f706498b4862d3ff0a7298b8411dd2f043ff",
                "sha256:d21644de1b609825ede2f48be98dfde4656aefc713654eeee280e37cadc4e0ad",
                "sha256:d6889ec4ec662a1a37eb4b4fb26b6100841804dac55bd9df579e326cdc146227",
                "sha256:de5672f4a7b200c15a4127042170a694d4df43c992948f5e1af57f0174beed10",
                "sha256:e6a0bc88393d65807d751a614207b7129a310ca4fe76a74e5c7da5fa5671417e",
                "sha256:ed89927b86296067b4f81f108a2271d8926467a8868e554eaf370fc27fa3ccaf",
                "sha256:ee3888d9ff7c14604052b2ca5535a30216aa0a58e948cdd3eeb8d3415f638769",
                "sha256:f0963b55cdd70fad460fa4c1341f12f976bb26cb66021a5580329bd498988310",
                "sha256:f16417ec91f12f814b10bafe79ef77e70113a2f5f7018640e7425ff979253425",
                "sha256:f28620fe26bee16243be2b7b874da327312240a7cdc38b769a697578d2100013",
                "sha256:f4255143f5160d0de972d28c8f9665d882b5f61309d8362fdd3e103cf7bf010c",
                "sha256:ffac52f28a7849ad7576293c0cb7b9f08304e8f7d738a8cb8a90ec4c55a998eb",
                "sha256:ffe22d2b05504f786c867c8395de703937f934272eb67586817b46188b4ded6d",
                "sha256:fffe29a1ef00883599d1dc2c51aa2e5d80afe49523c261a74933df395c15c520"
            ],
            "index": "pypi",
            "markers": "python_version >= '3.11'",
            "version": "==2.3.5"
        },
        "pebble": {
            "hashes": [
                "sha256:8b28b1ede25de4b0d9249516d5fd794c330f8f03b692debe374619317ed0bdd7",
                "sha256:9fdf00dde4abb09907817114ad8cf822836b6d6cc8f43a3f0ec741be276086e7"
            ],
            "markers": "python_version >= '3.8'",
            "version": "==5.1.3"
        },
        "pycryptodomex": {
            "hashes": [
                "sha256:02d87b80778c171445d67e23d1caef279bf4b25c3597050ccd2e13970b57fd51",
                "sha256:06698f957fe1ab229a99ba2defeeae1c09af185baa909a31a5d1f9d42b1aaed6",
                "sha256:14c37aaece158d0ace436f76a7bb19093db3b4deade9797abfc39ec6cd6cc2fe",
                "sha256:189afbc87f0b9f158386bf051f720e20fa6145975f1e76369303d0f31d1a8d7c",
                "sha256:1c3a65ad441746b250d781910d26b7ed0a396733c6f2dbc3327bd7051ec8a541",
                "sha256:1c6d919fc8429e5cb228ba8c0d4d03d202a560b421c14867a65f6042990adc8e",
                "sha256:267a3038f87a8565bd834317dbf053a02055915acf353bf42ededb9edaf72010",
                "sha256:27e13c80ac9a0a1d050ef0a7e0a18cc04c8850101ec891815b6c5a0375e8a245",
                "sha256:43c446e2ba8df8889e0e16f02211c25b4934898384c1ec1ec04d7889c0333587",
                "sha256:47f6d318fe864d02d5e59a20a18834819596c4ed1d3c917801b22b92b3ffa648",
                "sha256:4e79f1aaff5a3a374e92eb462fa9e598585452135012e2945f96874ca6eeb1ff",
                "sha256:4f2596e643d4365e14d0879dc5aafe6355616c61c2176009270f3048f6d9a61f",
                "sha256:52e5ca58c3a0b0bd5e100a9fbc8015059b05cffc6c66ce9d98b4b45e023443b9",
                "sha256:55ccbe27f049743a4caf4f4221b166560d3438d0b1e5ab929e07ae1702a4d6fd",
                "sha256:58b851b9effd0d072d4ca2e4542bf2a4abcf13c82a29fd2c93ce27ee2a2e9462",
                "sha256:6b8962204c47464d5c1c4038abeadd4514a133b28748bcd9fa5b6d62e3cec6fa",
                "sha256:6bbcb1dd0f646484939e142462d9e532482bc74475cecf9c4903d4e1cd21f003",
                "sha256:71909758f010c82bc99b0abf4ea12012c98962fbf0583c2164f8b84533c2e4da",
                "sha256:7b37e08e3871efe2187bc1fd9320cc81d87caf19816c648f24443483005ff886",
                "sha256:7de1e40a41a5d7f1ac42b6569b10bcdded34339950945948529067d8426d2785",
                "sha256:8a4fcd42ccb04c31268d1efeecfccfd1249612b4de6374205376b8f280321744",
                "sha256:91979028227543010d7b2ba2471cf1d1e398b3f183cb105ac584df0c36dac28d",
                "sha256:a33986a0066860f7fcf7c7bd2bc804fa90e434183645595ae7b33d01f3c91ed8",
                "sha256:a9d446e844f08299236780f2efa9898c818fe7e02f17263866b8550c7d5fb328",
                "sha256:add243d204e125f189819db65eed55e6b4713f70a7e9576c043178656529cec7",
                "sha256:b2c2537863eccef2d41061e82a881dcabb04944c5c06c5aa7110b577cc487545",
                "sha256:bc65bdd9fc8de7a35a74cab1c898cab391a4add33a8fe740bda00f5976ca4708",
                "sha256:bdc69d0d3d989a1029df0eed67cc5e8e5d968f3724f4519bd03e0ec68df7543c",
                "sha256:bffc92138d75664b6d543984db7893a628559b9e78658563b0395e2a5fb47ed9",
                "sha256:c25e30a20e1b426e1f0fa00131c516f16e474204eee1139d1603e132acffc314",
                "sha256:c7947ab8d589e3178da3d7cdeabe14f841b391e17046954f2fbcd941705762b5",
                "sha256:c84b239a1f4ec62e9c789aafe0543f0594f0acd90c8d9e15bcece3efe55eca66",
                "sha256:c885da45e70139464f082018ac527fdaad26f1657a99ee13eecdce0f0ca24ab4",
                "sha256:d9825410197a97685d6a1fa2a86196430b01877d64458a20e95d4fd00d739a08",
                "sha256:da4fa650cef02db88c2b98acc5434461e027dce0ae8c22dd5a69013eaf510006",
                "sha256:df027262368334552db2c0ce39706b3fb32022d1dce34673d0f9422df004b96a",
                "sha256:ebfff755c360d674306e5891c564a274a47953562b42fb74a5c25b8fc1fb1cb5",
                "sha256:eca54f4bb349d45afc17e3011ed4264ef1cc9e266699874cdd1349c504e64798",
                "sha256:f489c4765093fb60e2edafdf223397bc716491b2b69fe74367b70d6999257a5c",
                "sha256:fdfac7cda115bca3a5abb2f9e43bc2fb66c2b65ab074913643803ca7083a79ea",
                "sha256:febec69c0291efd056c65691b6d9a339f8b4bc43c6635b8699471248fe897fea"
            ],
            "markers": "python_version >= '2.7' and python_version not in '3.0, 3.1, 3.2, 3.3, 3.4, 3.5, 3.6'",
            "version": "==3.23.0"
        },
        "pywin32": {
            "hashes": [
                "sha256:0502d1facf1fed4839a9a51ccbcc63d952cf318f78ffc00a7e78528ac27d7a2b",
                "sha256:184eb5e436dea364dcd3d2316d577d625c0351bf237c4e9a5fabbcfa5a58b151",
                "sha256:3aca44c046bd2ed8c90de9cb8427f581c479e594e99b5c0bb19b29c10fd6cb87",
                "sha256:3ce80b34b22b17ccbd937a6e78e7225d80c52f5ab9940fe0506a1a16f3dab503",
                "sha256:62ea666235135fee79bb154e695f3ff67370afefd71bd7fea7512fc70ef31e3d",
                "sha256:6c6f2969607b5023b0d9ce2541f8d2cbb01c4f46bc87456017cf63b73f1e2d8c",
                "sha256:718a38f7e5b058e76aee1c56ddd06908116d35147e133427e59a3983f703a20d",
                "sha256:750ec6e621af2b948540032557b10a2d43b0cee2ae9758c54154d711cc852d31",
                "sha256:797c2772017851984b97180b0bebe4b620bb86328e8a884bb626156295a63b3b",
                "sha256:7b4075d959648406202d92a2310cb990fea19b535c7f4a78d3f5e10b926eeb8a",
                "sha256:a508e2d9025764a8270f93111a970e1d0fbfc33f4153b388bb649b7eec4f9b42",
                "sha256:a733f1388e1a842abb67ffa8e7aad0e70ac519e09b0f6a784e65a136ec7cefd2",
                "sha256:aba8f82d551a942cb20d4a83413ccbac30790b50efb89a75e4f586ac0bb8056b",
                "sha256:b7a2c10b93f8986666d0c803ee19b5990885872a7de910fc460f9b0c2fbf92ee",
                "sha256:b8c095edad5c211ff31c05223658e71bf7116daa0ecf3ad85f3201ea3190d067",
                "sha256:c8015b09fb9a5e188f83b7b04de91ddca4658cee2ae6f3bc483f0b21a77ef6cd",
                "sha256:d03ff496d2a0cd4a5893504789d4a15399133fe82517455e78bad62efbb7f0a3",
                "sha256:e0c4cfb0621281fe40387df582097fd796e80430597cb9944f0ae70447bacd91",
                "sha256:e286f46a9a39c4a18b319c28f59b61de793654af2f395c102b4f819e584b5852",
                "sha256:f95ba5a847cba10dd8c4d8fefa9f2a6cf283b8b88ed6178fa8a6c1ab16054d0d"
            ],
            "version": "==311"
        },
        "shadowcopy": {
            "hashes": [
                "sha256:ed89817dda065f893607a04c0b7d6b3b34c3507a4711f441111a4bcb1b1826c0",
                "sha256:fc51e59a639dc6a5a3a7a9b4e3ecadc71989e339f2d995d90aaa491acd4ba4eb"
            ],
            "markers": "python_version >= '3.7'",
            "version": "==0.0.4"
        },
        "soupsieve": {
            "hashes": [
                "sha256:0cc76456a30e20f5d7f2e14a98a4ae2ee4e5abdc7c5ea0aafe795f344bc7984c",
                "sha256:e2dd4a40a628cb5f28f6d4b0db8800b8f581b65bb380b97de22ba5ca8d72572f"
            ],
            "markers": "python_version >= '3.9'",
            "version": "==2.8"
        },
        "tqdm": {
            "hashes": [
                "sha256:26445eca388f82e72884e0d580d5464cd801a3ea01e63e5601bdff9ba6a48de2",
                "sha256:f8aef9c52c08c13a65f30ea34f4e5aac3fd1a34959879d7e59e63027286627f2"
            ],
            "index": "pypi",
            "markers": "python_version >= '3.7'",
            "version": "==4.67.1"
        },
        "typing-extensions": {
            "hashes": [
                "sha256:0cea48d173cc12fa28ecabc3b837ea3cf6f38c6d1136f85cbaaf598984861466",
                "sha256:f0fa19c6845758ab08074a0cfa8b7aecb71c999ca73d62883bc25cc018c4e548"
            ],
            "markers": "python_version >= '3.9'",
            "version": "==4.15.0"
        },
        "tzdata": {
            "hashes": [
                "sha256:1a403fada01ff9221ca8044d701868fa132215d84beb92242d9acd2147f667a8",
                "sha256:b60a638fcc0daffadf82fe0f57e53d06bdec2f36c4df66280ae79bce6bd6f2b9"
            ],
            "markers": "python_version >= '2'",
            "version": "==2025.2"
        },
        "urllib3": {
            "hashes": [
                "sha256:3fc47733c7e419d4bc3f6b3dc2b4f890bb743906a30d56ba4a5bfa4bbff92760",
                "sha256:e6b01673c0fa6a13e374b50871808eb3bf7046c4b125b216f6bf1cc604cff0dc"
            ],
            "markers": "python_version >= '3.9'",
            "version": "==2.5.0"
        },
        "wmi": {
            "hashes": [
                "sha256:1d6b085e5c445141c475476000b661f60fff1aaa19f76bf82b7abb92e0ff4942",
                "sha256:b6a6be5711b1b6c8d55bda7a8befd75c48c12b770b9d227d31c1737dbf0d40a6"
            ],
            "version": "==1.5.1"
        }
    },
    "develop": {
        "astroid": {
            "hashes": [
                "sha256:0d778ec0def05b935e198412e62f9bcca8b3b5c39fdbe50b0ba074005e477aab",
                "sha256:37ab2f107d14dc173412327febf6c78d39590fdafcb44868f03b6c03452e3db0"
            ],
            "markers": "python_full_version >= '3.10.0'",
            "version": "==4.0.1"
        },
        "colorama": {
            "hashes": [
                "sha256:08695f5cb7ed6e0531a20572697297273c47b8cae5a63ffc6d6ed5c201be6e44",
                "sha256:4f1d9991f5acc0ca119f9d443620b77f9d6b33703e51011c16baf57afb285fc6"
            ],
            "markers": "python_version >= '2.7' and python_version not in '3.0, 3.1, 3.2, 3.3, 3.4, 3.5, 3.6'",
            "version": "==0.4.6"
        },
        "dill": {
            "hashes": [
                "sha256:0633f1d2df477324f53a895b02c901fb961bdbf65a17122586ea7019292cbcf0",
                "sha256:44f54bf6412c2c8464c14e8243eb163690a9800dbe2c367330883b19c7561049"
            ],
            "markers": "python_version >= '3.8'",
            "version": "==0.4.0"
        },
        "isort": {
            "hashes": [
                "sha256:1bcabac8bc3c36c7fb7b98a76c8abb18e0f841a3ba81decac7691008592499c1",
                "sha256:5513527951aadb3ac4292a41a16cbc50dd1642432f5e8c20057d414bdafb4187"
            ],
            "markers": "python_full_version >= '3.10.0'",
            "version": "==7.0.0"
        },
        "mccabe": {
            "hashes": [
                "sha256:348e0240c33b60bbdf4e523192ef919f28cb2c3d7d5c7794f74009290f236325",
                "sha256:6c2d30ab6be0e4a46919781807b4f0d834ebdd6c6e3dca0bda5a15f863427b6e"
            ],
            "markers": "python_version >= '3.6'",
            "version": "==0.7.0"
        },
        "platformdirs": {
            "hashes": [
                "sha256:70ddccdd7c99fc5942e9fc25636a8b34d04c24b335100223152c2803e4063312",
                "sha256:e578a81bb873cbb89a41fcc904c7ef523cc18284b7e3b3ccf06aca1403b7ebd3"
            ],
            "markers": "python_version >= '3.10'",
            "version": "==4.5.0"
        },
        "pylint": {
            "hashes": [
                "sha256:06db6a1fda3cedbd7aee58f09d241e40e5f14b382fd035ed97be320f11728a84",
                "sha256:6077ac21d01b7361eae6ed0f38d9024c02732fdc635d9e154d4fe6063af8ac56"
            ],
            "index": "pypi",
            "markers": "python_full_version >= '3.10.0'",
            "version": "==4.0.1"
        },
        "tomlkit": {
            "hashes": [
                "sha256:430cf247ee57df2b94ee3fbe588e71d362a941ebb545dec29b53961d61add2a1",
                "sha256:c89c649d79ee40629a9fda55f8ace8c6a1b42deb912b2a8fd8d942ddadb606b0"
            ],
            "markers": "python_version >= '3.8'",
            "version": "==0.13.3"
        }
    }
}
